
Microsoft Visual Studio Solution File, Format Version 12.00
# Visual Studio Version 17
VisualStudioVersion = 17.13.35806.99 d17.13
MinimumVisualStudioVersion = 10.0.40219.1
Project("{8BC9CEB8-8B4A-11D0-8D11-00A0C91BC942}") = "part1_c_basic", "part1_c_basic.vcxproj", "{91FD8121-61F9-4375-A03E-CB1070D59368}"
EndProject
Global
	GlobalSection(SolutionConfigurationPlatforms) = preSolution
		Debug|x64 = Debug|x64
		Debug|x86 = Debug|x86
		Release|x64 = Release|x64
		Release|x86 = Release|x86
	EndGlobalSection
	GlobalSection(ProjectConfigurationPlatforms) = postSolution
		{91FD8121-61F9-4375-A03E-CB1070D59368}.Debug|x64.ActiveCfg = Debug|x64
		{91FD8121-61F9-4375-A03E-CB1070D59368}.Debug|x64.Build.0 = Debug|x64
		{91FD8121-61F9-4375-A03E-CB1070D59368}.Debug|x86.ActiveCfg = Debug|Win32
		{91FD8121-61F9-4375-A03E-CB1070D59368}.Debug|x86.Build.0 = Debug|Win32
		{91FD8121-61F9-4375-A03E-CB1070D59368}.Release|x64.ActiveCfg = Release|x64
		{91FD8121-61F9-4375-A03E-CB1070D59368}.Release|x64.Build.0 = Release|x64
		{91FD8121-61F9-4375-A03E-CB1070D59368}.Release|x86.ActiveCfg = Release|Win32
		{91FD8121-61F9-4375-A03E-CB1070D59368}.Release|x86.Build.0 = Release|Win32
	EndGlobalSection
	GlobalSection(SolutionProperties) = preSolution
		HideSolutionNode = FALSE
	EndGlobalSection
	GlobalSection(ExtensibilityGlobals) = postSolution
		SolutionGuid = {B08EC4CB-E8EF-411A-A6C0-D8F91CF68644}
	EndGlobalSection
EndGlobal
